// !$*UTF8*$!
{
	archiveVersion = 1;
	classes = {
	};
	objectVersion = 52;
	objects = {

/* Begin PBXBuildFile section */
		BE10F03F23D6AE4200A9313E /* NetworkHelper in Frameworks */ = {isa = PBXBuildFile; productRef = BE10F03E23D6AE4200A9313E /* NetworkHelper */; };
		BE10F04223D6AE7700A9313E /* ImageKit in Frameworks */ = {isa = PBXBuildFile; productRef = BE10F04123D6AE7700A9313E /* ImageKit */; };
		BE10F04923D6AFDA00A9313E /* FavoritesViewController.swift in Sources */ = {isa = PBXBuildFile; fileRef = BE10F04823D6AFDA00A9313E /* FavoritesViewController.swift */; };
		BE10F04B23D6B00100A9313E /* DetailViewController.swift in Sources */ = {isa = PBXBuildFile; fileRef = BE10F04A23D6B00100A9313E /* DetailViewController.swift */; };
		BE10F04D23D6B12000A9313E /* PhotoCell.swift in Sources */ = {isa = PBXBuildFile; fileRef = BE10F04C23D6B12000A9313E /* PhotoCell.swift */; };
		BE10F04F23D6B1A700A9313E /* PhotosAPIClient.swift in Sources */ = {isa = PBXBuildFile; fileRef = BE10F04E23D6B1A700A9313E /* PhotosAPIClient.swift */; };
		BE10F05123D6B39B00A9313E /* Photos.swift in Sources */ = {isa = PBXBuildFile; fileRef = BE10F05023D6B39B00A9313E /* Photos.swift */; };
		BE10F05723D6BDA200A9313E /* Secrets.swift in Sources */ = {isa = PBXBuildFile; fileRef = BE10F05623D6BDA200A9313E /* Secrets.swift */; };
		BE775FA023D269FC00002017 /* AppDelegate.swift in Sources */ = {isa = PBXBuildFile; fileRef = BE775F9F23D269FC00002017 /* AppDelegate.swift */; };
		BE775FA223D269FC00002017 /* SceneDelegate.swift in Sources */ = {isa = PBXBuildFile; fileRef = BE775FA123D269FC00002017 /* SceneDelegate.swift */; };
		BE775FA423D269FC00002017 /* ViewController.swift in Sources */ = {isa = PBXBuildFile; fileRef = BE775FA323D269FC00002017 /* ViewController.swift */; };
		BE775FA723D269FC00002017 /* Main.storyboard in Resources */ = {isa = PBXBuildFile; fileRef = BE775FA523D269FC00002017 /* Main.storyboard */; };
		BE775FA923D269FD00002017 /* Assets.xcassets in Resources */ = {isa = PBXBuildFile; fileRef = BE775FA823D269FD00002017 /* Assets.xcassets */; };
		BE775FAC23D269FD00002017 /* LaunchScreen.storyboard in Resources */ = {isa = PBXBuildFile; fileRef = BE775FAA23D269FD00002017 /* LaunchScreen.storyboard */; };
/* End PBXBuildFile section */

/* Begin PBXFileReference section */
		BE10F04823D6AFDA00A9313E /* FavoritesViewController.swift */ = {isa = PBXFileReference; lastKnownFileType = sourcecode.swift; path = FavoritesViewController.swift; sourceTree = "<group>"; };
		BE10F04A23D6B00100A9313E /* DetailViewController.swift */ = {isa = PBXFileReference; lastKnownFileType = sourcecode.swift; path = DetailViewController.swift; sourceTree = "<group>"; };
		BE10F04C23D6B12000A9313E /* PhotoCell.swift */ = {isa = PBXFileReference; lastKnownFileType = sourcecode.swift; path = PhotoCell.swift; sourceTree = "<group>"; };
		BE10F04E23D6B1A700A9313E /* PhotosAPIClient.swift */ = {isa = PBXFileReference; lastKnownFileType = sourcecode.swift; path = PhotosAPIClient.swift; sourceTree = "<group>"; };
		BE10F05023D6B39B00A9313E /* Photos.swift */ = {isa = PBXFileReference; lastKnownFileType = sourcecode.swift; path = Photos.swift; sourceTree = "<group>"; };
		BE10F05623D6BDA200A9313E /* Secrets.swift */ = {isa = PBXFileReference; lastKnownFileType = sourcecode.swift; path = Secrets.swift; sourceTree = "<group>"; };
		BE775F9C23D269FC00002017 /* PersistenceLab.app */ = {isa = PBXFileReference; explicitFileType = wrapper.application; includeInIndex = 0; path = PersistenceLab.app; sourceTree = BUILT_PRODUCTS_DIR; };
		BE775F9F23D269FC00002017 /* AppDelegate.swift */ = {isa = PBXFileReference; lastKnownFileType = sourcecode.swift; path = AppDelegate.swift; sourceTree = "<group>"; };
		BE775FA123D269FC00002017 /* SceneDelegate.swift */ = {isa = PBXFileReference; lastKnownFileType = sourcecode.swift; path = SceneDelegate.swift; sourceTree = "<group>"; };
		BE775FA323D269FC00002017 /* ViewController.swift */ = {isa = PBXFileReference; lastKnownFileType = sourcecode.swift; path = ViewController.swift; sourceTree = "<group>"; };
		BE775FA623D269FC00002017 /* Base */ = {isa = PBXFileReference; lastKnownFileType = file.storyboard; name = Base; path = Base.lproj/Main.storyboard; sourceTree = "<group>"; };
		BE775FA823D269FD00002017 /* Assets.xcassets */ = {isa = PBXFileReference; lastKnownFileType = folder.assetcatalog; path = Assets.xcassets; sourceTree = "<group>"; };
		BE775FAB23D269FD00002017 /* Base */ = {isa = PBXFileReference; lastKnownFileType = file.storyboard; name = Base; path = Base.lproj/LaunchScreen.storyboard; sourceTree = "<group>"; };
		BE775FAD23D269FD00002017 /* Info.plist */ = {isa = PBXFileReference; lastKnownFileType = text.plist.xml; path = Info.plist; sourceTree = "<group>"; };
/* End PBXFileReference section */

/* Begin PBXFrameworksBuildPhase section */
		BE775F9923D269FC00002017 /* Frameworks */ = {
			isa = PBXFrameworksBuildPhase;
			buildActionMask = 2147483647;
			files = (
				BE10F03F23D6AE4200A9313E /* NetworkHelper in Frameworks */,
				BE10F04223D6AE7700A9313E /* ImageKit in Frameworks */,
			);
			runOnlyForDeploymentPostprocessing = 0;
		};
/* End PBXFrameworksBuildPhase section */

/* Begin PBXGroup section */
		BE10F04323D6AEC300A9313E /* Controllers */ = {
			isa = PBXGroup;
			children = (
				BE775FA323D269FC00002017 /* ViewController.swift */,
				BE10F04823D6AFDA00A9313E /* FavoritesViewController.swift */,
				BE10F04A23D6B00100A9313E /* DetailViewController.swift */,
				BE10F04C23D6B12000A9313E /* PhotoCell.swift */,
			);
			path = Controllers;
			sourceTree = "<group>";
		};
		BE10F04423D6AED000A9313E /* APIClient */ = {
			isa = PBXGroup;
			children = (
				BE10F04E23D6B1A700A9313E /* PhotosAPIClient.swift */,
			);
			path = APIClient;
			sourceTree = "<group>";
		};
		BE10F04623D6AEEF00A9313E /* Moddels */ = {
			isa = PBXGroup;
			children = (
				BE10F05023D6B39B00A9313E /* Photos.swift */,
			);
			path = Moddels;
			sourceTree = "<group>";
		};
		BE10F04723D6AEF900A9313E /* Supporting Files */ = {
			isa = PBXGroup;
			children = (
				BE775FAA23D269FD00002017 /* LaunchScreen.storyboard */,
				BE775FA823D269FD00002017 /* Assets.xcassets */,
				BE775FA523D269FC00002017 /* Main.storyboard */,
				BE775FA123D269FC00002017 /* SceneDelegate.swift */,
				BE775F9F23D269FC00002017 /* AppDelegate.swift */,
			);
			path = "Supporting Files";
			sourceTree = "<group>";
		};
		BE10F05523D6BD3100A9313E /* Secrets */ = {
			isa = PBXGroup;
			children = (
				BE10F05623D6BDA200A9313E /* Secrets.swift */,
			);
			path = Secrets;
			sourceTree = "<group>";
		};
		BE775F9323D269FC00002017 = {
			isa = PBXGroup;
			children = (
				BE775F9E23D269FC00002017 /* PersistenceLab */,
				BE775F9D23D269FC00002017 /* Products */,
			);
			sourceTree = "<group>";
		};
		BE775F9D23D269FC00002017 /* Products */ = {
			isa = PBXGroup;
			children = (
				BE775F9C23D269FC00002017 /* PersistenceLab.app */,
			);
			name = Products;
			sourceTree = "<group>";
		};
		BE775F9E23D269FC00002017 /* PersistenceLab */ = {
			isa = PBXGroup;
			children = (
				BE10F05523D6BD3100A9313E /* Secrets */,
				BE10F04723D6AEF900A9313E /* Supporting Files */,
				BE10F04623D6AEEF00A9313E /* Moddels */,
				BE10F04423D6AED000A9313E /* APIClient */,
				BE10F04323D6AEC300A9313E /* Controllers */,
				BE775FAD23D269FD00002017 /* Info.plist */,
			);
			path = PersistenceLab;
			sourceTree = "<group>";
		};
/* End PBXGroup section */

/* Begin PBXNativeTarget section */
		BE775F9B23D269FC00002017 /* PersistenceLab */ = {
			isa = PBXNativeTarget;
			buildConfigurationList = BE775FB023D269FD00002017 /* Build configuration list for PBXNativeTarget "PersistenceLab" */;
			buildPhases = (
				BE775F9823D269FC00002017 /* Sources */,
				BE775F9923D269FC00002017 /* Frameworks */,
				BE775F9A23D269FC00002017 /* Resources */,
			);
			buildRules = (
			);
			dependencies = (
			);
			name = PersistenceLab;
			packageProductDependencies = (
				BE10F03E23D6AE4200A9313E /* NetworkHelper */,
				BE10F04123D6AE7700A9313E /* ImageKit */,
			);
			productName = PersistenceLab;
			productReference = BE775F9C23D269FC00002017 /* PersistenceLab.app */;
			productType = "com.apple.product-type.application";
		};
/* End PBXNativeTarget section */

/* Begin PBXProject section */
		BE775F9423D269FC00002017 /* Project object */ = {
			isa = PBXProject;
			attributes = {
				LastSwiftUpdateCheck = 1100;
				LastUpgradeCheck = 1100;
				ORGANIZATIONNAME = "Oscar Victoria Gonzalez ";
				TargetAttributes = {
					BE775F9B23D269FC00002017 = {
						CreatedOnToolsVersion = 11.0;
					};
				};
			};
			buildConfigurationList = BE775F9723D269FC00002017 /* Build configuration list for PBXProject "PersistenceLab" */;
			compatibilityVersion = "Xcode 9.3";
			developmentRegion = en;
			hasScannedForEncodings = 0;
			knownRegions = (
				en,
				Base,
			);
			mainGroup = BE775F9323D269FC00002017;
			packageReferences = (
				BE10F03D23D6AE4200A9313E /* XCRemoteSwiftPackageReference "NetworkHelperSPM" */,
				BE10F04023D6AE7700A9313E /* XCRemoteSwiftPackageReference "ImageKit" */,
			);
			productRefGroup = BE775F9D23D269FC00002017 /* Products */;
			projectDirPath = "";
			projectRoot = "";
			targets = (
				BE775F9B23D269FC00002017 /* PersistenceLab */,
			);
		};
/* End PBXProject section */

/* Begin PBXResourcesBuildPhase section */
		BE775F9A23D269FC00002017 /* Resources */ = {
			isa = PBXResourcesBuildPhase;
			buildActionMask = 2147483647;
			files = (
				BE775FAC23D269FD00002017 /* LaunchScreen.storyboard in Resources */,
				BE775FA923D269FD00002017 /* Assets.xcassets in Resources */,
				BE775FA723D269FC00002017 /* Main.storyboard in Resources */,
			);
			runOnlyForDeploymentPostprocessing = 0;
		};
/* End PBXResourcesBuildPhase section */

/* Begin PBXSourcesBuildPhase section */
		BE775F9823D269FC00002017 /* Sources */ = {
			isa = PBXSourcesBuildPhase;
			buildActionMask = 2147483647;
			files = (
				BE775FA423D269FC00002017 /* ViewController.swift in Sources */,
				BE10F05723D6BDA200A9313E /* Secrets.swift in Sources */,
				BE775FA023D269FC00002017 /* AppDelegate.swift in Sources */,
				BE10F04B23D6B00100A9313E /* DetailViewController.swift in Sources */,
				BE10F04923D6AFDA00A9313E /* FavoritesViewController.swift in Sources */,
				BE10F05123D6B39B00A9313E /* Photos.swift in Sources */,
				BE10F04D23D6B12000A9313E /* PhotoCell.swift in Sources */,
				BE775FA223D269FC00002017 /* SceneDelegate.swift in Sources */,
				BE10F04F23D6B1A700A9313E /* PhotosAPIClient.swift in Sources */,
			);
			runOnlyForDeploymentPostprocessing = 0;
		};
/* End PBXSourcesBuildPhase section */

/* Begin PBXVariantGroup section */
		BE775FA523D269FC00002017 /* Main.storyboard */ = {
			isa = PBXVariantGroup;
			children = (
				BE775FA623D269FC00002017 /* Base */,
			);
			name = Main.storyboard;
			sourceTree = "<group>";
		};
		BE775FAA23D269FD00002017 /* LaunchScreen.storyboard */ = {
			isa = PBXVariantGroup;
			children = (
				BE775FAB23D269FD00002017 /* Base */,
			);
			name = LaunchScreen.storyboard;
			sourceTree = "<group>";
		};
/* End PBXVariantGroup section */

/* Begin XCBuildConfiguration section */
		BE775FAE23D269FD00002017 /* Debug */ = {
			isa = XCBuildConfiguration;
			buildSettings = {
				ALWAYS_SEARCH_USER_PATHS = NO;
				CLANG_ANALYZER_NONNULL = YES;
				CLANG_ANALYZER_NUMBER_OBJECT_CONVERSION = YES_AGGRESSIVE;
				CLANG_CXX_LANGUAGE_STANDARD = "gnu++14";
				CLANG_CXX_LIBRARY = "libc++";
				CLANG_ENABLE_MODULES = YES;
				CLANG_ENABLE_OBJC_ARC = YES;
				CLANG_ENABLE_OBJC_WEAK = YES;
				CLANG_WARN_BLOCK_CAPTURE_AUTORELEASING = YES;
				CLANG_WARN_BOOL_CONVERSION = YES;
				CLANG_WARN_COMMA = YES;
				CLANG_WARN_CONSTANT_CONVERSION = YES;
				CLANG_WARN_DEPRECATED_OBJC_IMPLEMENTATIONS = YES;
				CLANG_WARN_DIRECT_OBJC_ISA_USAGE = YES_ERROR;
				CLANG_WARN_DOCUMENTATION_COMMENTS = YES;
				CLANG_WARN_EMPTY_BODY = YES;
				CLANG_WARN_ENUM_CONVERSION = YES;
				CLANG_WARN_INFINITE_RECURSION = YES;
				CLANG_WARN_INT_CONVERSION = YES;
				CLANG_WARN_NON_LITERAL_NULL_CONVERSION = YES;
				CLANG_WARN_OBJC_IMPLICIT_RETAIN_SELF = YES;
				CLANG_WARN_OBJC_LITERAL_CONVERSION = YES;
				CLANG_WARN_OBJC_ROOT_CLASS = YES_ERROR;
				CLANG_WARN_RANGE_LOOP_ANALYSIS = YES;
				CLANG_WARN_STRICT_PROTOTYPES = YES;
				CLANG_WARN_SUSPICIOUS_MOVE = YES;
				CLANG_WARN_UNGUARDED_AVAILABILITY = YES_AGGRESSIVE;
				CLANG_WARN_UNREACHABLE_CODE = YES;
				CLANG_WARN__DUPLICATE_METHOD_MATCH = YES;
				COPY_PHASE_STRIP = NO;
				DEBUG_INFORMATION_FORMAT = dwarf;
				ENABLE_STRICT_OBJC_MSGSEND = YES;
				ENABLE_TESTABILITY = YES;
				GCC_C_LANGUAGE_STANDARD = gnu11;
				GCC_DYNAMIC_NO_PIC = NO;
				GCC_NO_COMMON_BLOCKS = YES;
				GCC_OPTIMIZATION_LEVEL = 0;
				GCC_PREPROCESSOR_DEFINITIONS = (
					"DEBUG=1",
					"$(inherited)",
				);
				GCC_WARN_64_TO_32_BIT_CONVERSION = YES;
				GCC_WARN_ABOUT_RETURN_TYPE = YES_ERROR;
				GCC_WARN_UNDECLARED_SELECTOR = YES;
				GCC_WARN_UNINITIALIZED_AUTOS = YES_AGGRESSIVE;
				GCC_WARN_UNUSED_FUNCTION = YES;
				GCC_WARN_UNUSED_VARIABLE = YES;
				IPHONEOS_DEPLOYMENT_TARGET = 13.0;
				MTL_ENABLE_DEBUG_INFO = INCLUDE_SOURCE;
				MTL_FAST_MATH = YES;
				ONLY_ACTIVE_ARCH = YES;
				SDKROOT = iphoneos;
				SWIFT_ACTIVE_COMPILATION_CONDITIONS = DEBUG;
				SWIFT_OPTIMIZATION_LEVEL = "-Onone";
			};
			name = Debug;
		};
		BE775FAF23D269FD00002017 /* Release */ = {
			isa = XCBuildConfiguration;
			buildSettings = {
				ALWAYS_SEARCH_USER_PATHS = NO;
				CLANG_ANALYZER_NONNULL = YES;
				CLANG_ANALYZER_NUMBER_OBJECT_CONVERSION = YES_AGGRESSIVE;
				CLANG_CXX_LANGUAGE_STANDARD = "gnu++14";
				CLANG_CXX_LIBRARY = "libc++";
				CLANG_ENABLE_MODULES = YES;
				CLANG_ENABLE_OBJC_ARC = YES;
				CLANG_ENABLE_OBJC_WEAK = YES;
				CLANG_WARN_BLOCK_CAPTURE_AUTORELEASING = YES;
				CLANG_WARN_BOOL_CONVERSION = YES;
				CLANG_WARN_COMMA = YES;
				CLANG_WARN_CONSTANT_CONVERSION = YES;
				CLANG_WARN_DEPRECATED_OBJC_IMPLEMENTATIONS = YES;
				CLANG_WARN_DIRECT_OBJC_ISA_USAGE = YES_ERROR;
				CLANG_WARN_DOCUMENTATION_COMMENTS = YES;
				CLANG_WARN_EMPTY_BODY = YES;
				CLANG_WARN_ENUM_CONVERSION = YES;
				CLANG_WARN_INFINITE_RECURSION = YES;
				CLANG_WARN_INT_CONVERSION = YES;
				CLANG_WARN_NON_LITERAL_NULL_CONVERSION = YES;
				CLANG_WARN_OBJC_IMPLICIT_RETAIN_SELF = YES;
				CLANG_WARN_OBJC_LITERAL_CONVERSION = YES;
				CLANG_WARN_OBJC_ROOT_CLASS = YES_ERROR;
				CLANG_WARN_RANGE_LOOP_ANALYSIS = YES;
				CLANG_WARN_STRICT_PROTOTYPES = YES;
				CLANG_WARN_SUSPICIOUS_MOVE = YES;
				CLANG_WARN_UNGUARDED_AVAILABILITY = YES_AGGRESSIVE;
				CLANG_WARN_UNREACHABLE_CODE = YES;
				CLANG_WARN__DUPLICATE_METHOD_MATCH = YES;
				COPY_PHASE_STRIP = NO;
				DEBUG_INFORMATION_FORMAT = "dwarf-with-dsym";
				ENABLE_NS_ASSERTIONS = NO;
				ENABLE_STRICT_OBJC_MSGSEND = YES;
				GCC_C_LANGUAGE_STANDARD = gnu11;
				GCC_NO_COMMON_BLOCKS = YES;
				GCC_WARN_64_TO_32_BIT_CONVERSION = YES;
				GCC_WARN_ABOUT_RETURN_TYPE = YES_ERROR;
				GCC_WARN_UNDECLARED_SELECTOR = YES;
				GCC_WARN_UNINITIALIZED_AUTOS = YES_AGGRESSIVE;
				GCC_WARN_UNUSED_FUNCTION = YES;
				GCC_WARN_UNUSED_VARIABLE = YES;
				IPHONEOS_DEPLOYMENT_TARGET = 13.0;
				MTL_ENABLE_DEBUG_INFO = NO;
				MTL_FAST_MATH = YES;
				SDKROOT = iphoneos;
				SWIFT_COMPILATION_MODE = wholemodule;
				SWIFT_OPTIMIZATION_LEVEL = "-O";
				VALIDATE_PRODUCT = YES;
			};
			name = Release;
		};
		BE775FB123D269FD00002017 /* Debug */ = {
			isa = XCBuildConfiguration;
			buildSettings = {
				ASSETCATALOG_COMPILER_APPICON_NAME = AppIcon;
				CODE_SIGN_STYLE = Automatic;
				DEVELOPMENT_TEAM = S55722VFBC;
				INFOPLIST_FILE = PersistenceLab/Info.plist;
				LD_RUNPATH_SEARCH_PATHS = (
					"$(inherited)",
					"@executable_path/Frameworks",
				);
				PRODUCT_BUNDLE_IDENTIFIER = oscarvictoria.PersistenceLab;
				PRODUCT_NAME = "$(TARGET_NAME)";
				SWIFT_VERSION = 5.0;
				TARGETED_DEVICE_FAMILY = "1,2";
			};
			name = Debug;
		};
		BE775FB223D269FD00002017 /* Release */ = {
			isa = XCBuildConfiguration;
			buildSettings = {
				ASSETCATALOG_COMPILER_APPICON_NAME = AppIcon;
				CODE_SIGN_STYLE = Automatic;
				DEVELOPMENT_TEAM = S55722VFBC;
				INFOPLIST_FILE = PersistenceLab/Info.plist;
				LD_RUNPATH_SEARCH_PATHS = (
					"$(inherited)",
					"@executable_path/Frameworks",
				);
				PRODUCT_BUNDLE_IDENTIFIER = oscarvictoria.PersistenceLab;
				PRODUCT_NAME = "$(TARGET_NAME)";
				SWIFT_VERSION = 5.0;
				TARGETED_DEVICE_FAMILY = "1,2";
			};
			name = Release;
		};
/* End XCBuildConfiguration section */

/* Begin XCConfigurationList section */
		BE775F9723D269FC00002017 /* Build configuration list for PBXProject "PersistenceLab" */ = {
			isa = XCConfigurationList;
			buildConfigurations = (
				BE775FAE23D269FD00002017 /* Debug */,
				BE775FAF23D269FD00002017 /* Release */,
			);
			defaultConfigurationIsVisible = 0;
			defaultConfigurationName = Release;
		};
		BE775FB023D269FD00002017 /* Build configuration list for PBXNativeTarget "PersistenceLab" */ = {
			isa = XCConfigurationList;
			buildConfigurations = (
				BE775FB123D269FD00002017 /* Debug */,
				BE775FB223D269FD00002017 /* Release */,
			);
			defaultConfigurationIsVisible = 0;
			defaultConfigurationName = Release;
		};
/* End XCConfigurationList section */

/* Begin XCRemoteSwiftPackageReference section */
		BE10F03D23D6AE4200A9313E /* XCRemoteSwiftPackageReference "NetworkHelperSPM" */ = {
			isa = XCRemoteSwiftPackageReference;
			repositoryURL = "https://github.com/alexpaul/NetworkHelperSPM";
			requirement = {
				kind = upToNextMajorVersion;
				minimumVersion = 1.0.6;
			};
		};
		BE10F04023D6AE7700A9313E /* XCRemoteSwiftPackageReference "ImageKit" */ = {
			isa = XCRemoteSwiftPackageReference;
			repositoryURL = "https://github.com/alexpaul/ImageKit";
			requirement = {
				kind = upToNextMajorVersion;
				minimumVersion = 1.0.4;
			};
		};
/* End XCRemoteSwiftPackageReference section */

/* Begin XCSwiftPackageProductDependency section */
		BE10F03E23D6AE4200A9313E /* NetworkHelper */ = {
			isa = XCSwiftPackageProductDependency;
			package = BE10F03D23D6AE4200A9313E /* XCRemoteSwiftPackageReference "NetworkHelperSPM" */;
			productName = NetworkHelper;
		};
		BE10F04123D6AE7700A9313E /* ImageKit */ = {
			isa = XCSwiftPackageProductDependency;
			package = BE10F04023D6AE7700A9313E /* XCRemoteSwiftPackageReference "ImageKit" */;
			productName = ImageKit;
		};
/* End XCSwiftPackageProductDependency section */
	};
	rootObject = BE775F9423D269FC00002017 /* Project object */;
}
